
Microsoft Visual Studio Solution File, Format Version 12.00
# Visual Studio Version 17
VisualStudioVersion = 17.9.34714.143
MinimumVisualStudioVersion = 10.0.40219.1
Project("{FAE04EC0-301F-11D3-BF4B-00C04F79EFBC}") = "InventoryManagement", "InventoryManagement.csproj", "{E58423B8-057F-405B-9AF1-7B7AB7F01893}"
EndProject
Global
	GlobalSection(SolutionConfigurationPlatforms) = preSolution
		Debug|Any CPU = Debug|Any CPU
		Release|Any CPU = Release|Any CPU
	EndGlobalSection
	GlobalSection(ProjectConfigurationPlatforms) = postSolution
		{E58423B8-057F-405B-9AF1-7B7AB7F01893}.Debug|Any CPU.ActiveCfg = Debug|Any CPU
		{E58423B8-057F-405B-9AF1-7B7AB7F01893}.Debug|Any CPU.Build.0 = Debug|Any CPU
		{E58423B8-057F-405B-9AF1-7B7AB7F01893}.Release|Any CPU.ActiveCfg = Release|Any CPU
		{E58423B8-057F-405B-9AF1-7B7AB7F01893}.Release|Any CPU.Build.0 = Release|Any CPU
	EndGlobalSection
	GlobalSection(SolutionProperties) = preSolution
		HideSolutionNode = FALSE
	EndGlobalSection
	GlobalSection(ExtensibilityGlobals) = postSolution
		SolutionGuid = {1A1C8EA4-FCD9-42E5-9F9A-5C75A9439CF2}
	EndGlobalSection
EndGlobal
